
Microsoft Visual Studio Solution File, Format Version 12.00
# Visual Studio Version 17
VisualStudioVersion = 17.8.34408.163
MinimumVisualStudioVersion = 10.0.40219.1
Project("{9A19103F-16F7-4668-BE54-9A1E7A4F7556}") = "Products", "Products\Products.csproj", "{88521409-B4E0-44F7-94E1-CF37D4865941}"
EndProject
Project("{9A19103F-16F7-4668-BE54-9A1E7A4F7556}") = "Business", "Business\Business.csproj", "{224C35E3-C45C-460C-ABF7-B22C9156A842}"
EndProject
Project("{9A19103F-16F7-4668-BE54-9A1E7A4F7556}") = "Infrastructure", "Infrastructure\Infrastructure.csproj", "{37E3200F-B800-4937-882D-42FED84118FF}"
EndProject
Project("{FAE04EC0-301F-11D3-BF4B-00C04F79EFBC}") = "BussinesTest", "BussinesTest\BussinesTest.csproj", "{71DB4B1F-C7DA-480A-96CE-47C29809119D}"
EndProject
Global
	GlobalSection(SolutionConfigurationPlatforms) = preSolution
		Debug|Any CPU = Debug|Any CPU
		Release|Any CPU = Release|Any CPU
	EndGlobalSection
	GlobalSection(ProjectConfigurationPlatforms) = postSolution
		{88521409-B4E0-44F7-94E1-CF37D4865941}.Debug|Any CPU.ActiveCfg = Debug|Any CPU
		{88521409-B4E0-44F7-94E1-CF37D4865941}.Debug|Any CPU.Build.0 = Debug|Any CPU
		{88521409-B4E0-44F7-94E1-CF37D4865941}.Release|Any CPU.ActiveCfg = Release|Any CPU
		{88521409-B4E0-44F7-94E1-CF37D4865941}.Release|Any CPU.Build.0 = Release|Any CPU
		{224C35E3-C45C-460C-ABF7-B22C9156A842}.Debug|Any CPU.ActiveCfg = Debug|Any CPU
		{224C35E3-C45C-460C-ABF7-B22C9156A842}.Debug|Any CPU.Build.0 = Debug|Any CPU
		{224C35E3-C45C-460C-ABF7-B22C9156A842}.Release|Any CPU.ActiveCfg = Release|Any CPU
		{224C35E3-C45C-460C-ABF7-B22C9156A842}.Release|Any CPU.Build.0 = Release|Any CPU
		{37E3200F-B800-4937-882D-42FED84118FF}.Debug|Any CPU.ActiveCfg = Debug|Any CPU
		{37E3200F-B800-4937-882D-42FED84118FF}.Debug|Any CPU.Build.0 = Debug|Any CPU
		{37E3200F-B800-4937-882D-42FED84118FF}.Release|Any CPU.ActiveCfg = Release|Any CPU
		{37E3200F-B800-4937-882D-42FED84118FF}.Release|Any CPU.Build.0 = Release|Any CPU
		{71DB4B1F-C7DA-480A-96CE-47C29809119D}.Debug|Any CPU.ActiveCfg = Debug|Any CPU
		{71DB4B1F-C7DA-480A-96CE-47C29809119D}.Debug|Any CPU.Build.0 = Debug|Any CPU
		{71DB4B1F-C7DA-480A-96CE-47C29809119D}.Release|Any CPU.ActiveCfg = Release|Any CPU
		{71DB4B1F-C7DA-480A-96CE-47C29809119D}.Release|Any CPU.Build.0 = Release|Any CPU
	EndGlobalSection
	GlobalSection(SolutionProperties) = preSolution
		HideSolutionNode = FALSE
	EndGlobalSection
	GlobalSection(ExtensibilityGlobals) = postSolution
		SolutionGuid = {B6EF6A45-4CC8-4859-B18F-2C684FB8747A}
	EndGlobalSection
EndGlobal
